# THIS IS AN AUTOGENERATED FILE. DO NOT EDIT THIS FILE DIRECTLY.
# yarn lockfile v1


"@hapi/accept@^5.0.1":
  version "5.0.2"
  resolved "https://registry.yarnpkg.com/@hapi/accept/-/accept-5.0.2.tgz#ab7043b037e68b722f93f376afb05e85c0699523"
  integrity sha512-CmzBx/bXUR8451fnZRuZAJRlzgm0Jgu5dltTX/bszmR2lheb9BpyN47Q1RbaGTsvFzn0PXAEs+lXDKfshccYZw==
  dependencies:
    "@hapi/boom" "9.x.x"
    "@hapi/hoek" "9.x.x"

"@hapi/ammo@^5.0.1":
  version "5.0.1"
  resolved "https://registry.yarnpkg.com/@hapi/ammo/-/ammo-5.0.1.tgz#9d34560f5c214eda563d838c01297387efaab490"
  integrity sha512-FbCNwcTbnQP4VYYhLNGZmA76xb2aHg9AMPiy18NZyWMG310P5KdFGyA9v2rm5ujrIny77dEEIkMOwl0Xv+fSSA==
  dependencies:
    "@hapi/hoek" "9.x.x"

"@hapi/b64@5.x.x":
  version "5.0.0"
  resolved "https://registry.yarnpkg.com/@hapi/b64/-/b64-5.0.0.tgz#b8210cbd72f4774985e78569b77e97498d24277d"
  integrity sha512-ngu0tSEmrezoiIaNGG6rRvKOUkUuDdf4XTPnONHGYfSGRmDqPZX5oJL6HAdKTo1UQHECbdB4OzhWrfgVppjHUw==
  dependencies:
    "@hapi/hoek" "9.x.x"

"@hapi/boom@9.x.x", "@hapi/boom@^9.1.0":
  version "9.1.4"
  resolved "https://registry.yarnpkg.com/@hapi/boom/-/boom-9.1.4.tgz#1f9dad367c6a7da9f8def24b4a986fc5a7bd9db6"
  integrity sha512-Ls1oH8jaN1vNsqcaHVYJrKmgMcKsC1wcp8bujvXrHaAqD2iDYq3HoOwsxwo09Cuda5R5nC0o0IxlrlTuvPuzSw==
  dependencies:
    "@hapi/hoek" "9.x.x"

"@hapi/bounce@2.x.x", "@hapi/bounce@^2.0.0":
  version "2.0.0"
  resolved "https://registry.yarnpkg.com/@hapi/bounce/-/bounce-2.0.0.tgz#e6ef56991c366b1e2738b2cd83b01354d938cf3d"
  integrity sha512-JesW92uyzOOyuzJKjoLHM1ThiOvHPOLDHw01YV8yh5nCso7sDwJho1h0Ad2N+E62bZyz46TG3xhAi/78Gsct6A==
  dependencies:
    "@hapi/boom" "9.x.x"
    "@hapi/hoek" "9.x.x"

"@hapi/bourne@2.x.x":
  version "2.0.0"
  resolved "https://registry.yarnpkg.com/@hapi/bourne/-/bourne-2.0.0.tgz#5bb2193eb685c0007540ca61d166d4e1edaf918d"
  integrity sha512-WEezM1FWztfbzqIUbsDzFRVMxSoLy3HugVcux6KDDtTqzPsLE8NDRHfXvev66aH1i2oOKKar3/XDjbvh/OUBdg==

"@hapi/call@^8.0.0":
  version "8.0.1"
  resolved "https://registry.yarnpkg.com/@hapi/call/-/call-8.0.1.tgz#9e64cd8ba6128eb5be6e432caaa572b1ed8cd7c0"
  integrity sha512-bOff6GTdOnoe5b8oXRV3lwkQSb/LAWylvDMae6RgEWWntd0SHtkYbQukDHKlfaYtVnSAgIavJ0kqszF/AIBb6g==
  dependencies:
    "@hapi/boom" "9.x.x"
    "@hapi/hoek" "9.x.x"

"@hapi/catbox-memory@^5.0.0":
  version "5.0.1"
  resolved "https://registry.yarnpkg.com/@hapi/catbox-memory/-/catbox-memory-5.0.1.tgz#cb63fca0ded01d445a2573b38eb2688df67f70ac"
  integrity sha512-QWw9nOYJq5PlvChLWV8i6hQHJYfvdqiXdvTupJFh0eqLZ64Xir7mKNi96d5/ZMUAqXPursfNDIDxjFgoEDUqeQ==
  dependencies:
    "@hapi/boom" "9.x.x"
    "@hapi/hoek" "9.x.x"

"@hapi/catbox@^11.1.1":
  version "11.1.1"
  resolved "https://registry.yarnpkg.com/@hapi/catbox/-/catbox-11.1.1.tgz#d277e2d5023fd69cddb33d05b224ea03065fec0c"
  integrity sha512-u/8HvB7dD/6X8hsZIpskSDo4yMKpHxFd7NluoylhGrL6cUfYxdQPnvUp9YU2C6F9hsyBVLGulBd9vBN1ebfXOQ==
  dependencies:
    "@hapi/boom" "9.x.x"
    "@hapi/hoek" "9.x.x"
    "@hapi/podium" "4.x.x"
    "@hapi/validate" "1.x.x"

"@hapi/content@^5.0.2":
  version "5.0.2"
  resolved "https://registry.yarnpkg.com/@hapi/content/-/content-5.0.2.tgz#ae57954761de570392763e64cdd75f074176a804"
  integrity sha512-mre4dl1ygd4ZyOH3tiYBrOUBzV7Pu/EOs8VLGf58vtOEECWed8Uuw6B4iR9AN/8uQt42tB04qpVaMyoMQh0oMw==
  dependencies:
    "@hapi/boom" "9.x.x"

"@hapi/cryptiles@5.x.x":
  version "5.1.0"
  resolved "https://registry.yarnpkg.com/@hapi/cryptiles/-/cryptiles-5.1.0.tgz#655de4cbbc052c947f696148c83b187fc2be8f43"
  integrity sha512-fo9+d1Ba5/FIoMySfMqPBR/7Pa29J2RsiPrl7bkwo5W5o+AN1dAYQRi4SPrPwwVxVGKjgLOEWrsvt1BonJSfLA==
  dependencies:
    "@hapi/boom" "9.x.x"

"@hapi/file@2.x.x":
  version "2.0.0"
  resolved "https://registry.yarnpkg.com/@hapi/file/-/file-2.0.0.tgz#2ecda37d1ae9d3078a67c13b7da86e8c3237dfb9"
  integrity sha512-WSrlgpvEqgPWkI18kkGELEZfXr0bYLtr16iIN4Krh9sRnzBZN6nnWxHFxtsnP684wueEySBbXPDg/WfA9xJdBQ==

"@hapi/hapi@^20.1.5":
  version "20.1.5"
  resolved "https://registry.yarnpkg.com/@hapi/hapi/-/hapi-20.1.5.tgz#235dbc6bcc72960724696028c5145c0ecfe6962d"
  integrity sha512-BhJ5XFR9uWPUBj/z5pPqXSk8OnvQQU/EbQjwpmjZy0ymNEiq7kIhXkAmzXcntbBHta9o7zpW8XMeXnfV4wudXw==
  dependencies:
    "@hapi/accept" "^5.0.1"
    "@hapi/ammo" "^5.0.1"
    "@hapi/boom" "^9.1.0"
    "@hapi/bounce" "^2.0.0"
    "@hapi/call" "^8.0.0"
    "@hapi/catbox" "^11.1.1"
    "@hapi/catbox-memory" "^5.0.0"
    "@hapi/heavy" "^7.0.1"
    "@hapi/hoek" "^9.0.4"
    "@hapi/mimos" "^6.0.0"
    "@hapi/podium" "^4.1.1"
    "@hapi/shot" "^5.0.5"
    "@hapi/somever" "^3.0.0"
    "@hapi/statehood" "^7.0.3"
    "@hapi/subtext" "^7.0.3"
    "@hapi/teamwork" "^5.1.0"
    "@hapi/topo" "^5.0.0"
    "@hapi/validate" "^1.1.1"

"@hapi/heavy@^7.0.1":
  version "7.0.1"
  resolved "https://registry.yarnpkg.com/@hapi/heavy/-/heavy-7.0.1.tgz#73315ae33b6e7682a0906b7a11e8ca70e3045874"
  integrity sha512-vJ/vzRQ13MtRzz6Qd4zRHWS3FaUc/5uivV2TIuExGTM9Qk+7Zzqj0e2G7EpE6KztO9SalTbiIkTh7qFKj/33cA==
  dependencies:
    "@hapi/boom" "9.x.x"
    "@hapi/hoek" "9.x.x"
    "@hapi/validate" "1.x.x"

"@hapi/hoek@9.x.x", "@hapi/hoek@^9.0.0", "@hapi/hoek@^9.0.4":
  version "9.2.0"
  resolved "https://registry.yarnpkg.com/@hapi/hoek/-/hoek-9.2.0.tgz#f3933a44e365864f4dad5db94158106d511e8131"
  integrity sha512-sqKVVVOe5ivCaXDWivIJYVSaEgdQK9ul7a4Kity5Iw7u9+wBAPbX1RMSnLLmp7O4Vzj0WOWwMAJsTL00xwaNug==

"@hapi/iron@6.x.x":
  version "6.0.0"
  resolved "https://registry.yarnpkg.com/@hapi/iron/-/iron-6.0.0.tgz#ca3f9136cda655bdd6028de0045da0de3d14436f"
  integrity sha512-zvGvWDufiTGpTJPG1Y/McN8UqWBu0k/xs/7l++HVU535NLHXsHhy54cfEMdW7EjwKfbBfM9Xy25FmTiobb7Hvw==
  dependencies:
    "@hapi/b64" "5.x.x"
    "@hapi/boom" "9.x.x"
    "@hapi/bourne" "2.x.x"
    "@hapi/cryptiles" "5.x.x"
    "@hapi/hoek" "9.x.x"

"@hapi/mimos@^6.0.0":
  version "6.0.0"
  resolved "https://registry.yarnpkg.com/@hapi/mimos/-/mimos-6.0.0.tgz#daa523d9c07222c7e8860cb7c9c5501fd6506484"
  integrity sha512-Op/67tr1I+JafN3R3XN5DucVSxKRT/Tc+tUszDwENoNpolxeXkhrJ2Czt6B6AAqrespHoivhgZBWYSuANN9QXg==
  dependencies:
    "@hapi/hoek" "9.x.x"
    mime-db "1.x.x"

"@hapi/nigel@4.x.x":
  version "4.0.2"
  resolved "https://registry.yarnpkg.com/@hapi/nigel/-/nigel-4.0.2.tgz#8f84ef4bca4fb03b2376463578f253b0b8e863c4"
  integrity sha512-ht2KoEsDW22BxQOEkLEJaqfpoKPXxi7tvabXy7B/77eFtOyG5ZEstfZwxHQcqAiZhp58Ae5vkhEqI03kawkYNw==
  dependencies:
    "@hapi/hoek" "^9.0.4"
    "@hapi/vise" "^4.0.0"

"@hapi/pez@^5.0.1":
  version "5.0.3"
  resolved "https://registry.yarnpkg.com/@hapi/pez/-/pez-5.0.3.tgz#b75446e6fef8cbb16816573ab7da1b0522e7a2a1"
  integrity sha512-mpikYRJjtrbJgdDHG/H9ySqYqwJ+QU/D7FXsYciS9P7NYBXE2ayKDAy3H0ou6CohOCaxPuTV4SZ0D936+VomHA==
  dependencies:
    "@hapi/b64" "5.x.x"
    "@hapi/boom" "9.x.x"
    "@hapi/content" "^5.0.2"
    "@hapi/hoek" "9.x.x"
    "@hapi/nigel" "4.x.x"

"@hapi/podium@4.x.x", "@hapi/podium@^4.1.1":
  version "4.1.3"
  resolved "https://registry.yarnpkg.com/@hapi/podium/-/podium-4.1.3.tgz#91e20838fc2b5437f511d664aabebbb393578a26"
  integrity sha512-ljsKGQzLkFqnQxE7qeanvgGj4dejnciErYd30dbrYzUOF/FyS/DOF97qcrT3bhoVwCYmxa6PEMhxfCPlnUcD2g==
  dependencies:
    "@hapi/hoek" "9.x.x"
    "@hapi/teamwork" "5.x.x"
    "@hapi/validate" "1.x.x"

"@hapi/shot@^5.0.5":
  version "5.0.5"
  resolved "https://registry.yarnpkg.com/@hapi/shot/-/shot-5.0.5.tgz#a25c23d18973bec93c7969c51bf9579632a5bebd"
  integrity sha512-x5AMSZ5+j+Paa8KdfCoKh+klB78otxF+vcJR/IoN91Vo2e5ulXIW6HUsFTCU+4W6P/Etaip9nmdAx2zWDimB2A==
  dependencies:
    "@hapi/hoek" "9.x.x"
    "@hapi/validate" "1.x.x"

"@hapi/somever@^3.0.0":
  version "3.0.1"
  resolved "https://registry.yarnpkg.com/@hapi/somever/-/somever-3.0.1.tgz#9961cd5bdbeb5bb1edc0b2acdd0bb424066aadcc"
  integrity sha512-4ZTSN3YAHtgpY/M4GOtHUXgi6uZtG9nEZfNI6QrArhK0XN/RDVgijlb9kOmXwCR5VclDSkBul9FBvhSuKXx9+w==
  dependencies:
    "@hapi/bounce" "2.x.x"
    "@hapi/hoek" "9.x.x"

"@hapi/statehood@^7.0.3":
  version "7.0.3"
  resolved "https://registry.yarnpkg.com/@hapi/statehood/-/statehood-7.0.3.tgz#655166f3768344ed3c3b50375a303cdeca8040d9"
  integrity sha512-pYB+pyCHkf2Amh67QAXz7e/DN9jcMplIL7Z6N8h0K+ZTy0b404JKPEYkbWHSnDtxLjJB/OtgElxocr2fMH4G7w==
  dependencies:
    "@hapi/boom" "9.x.x"
    "@hapi/bounce" "2.x.x"
    "@hapi/bourne" "2.x.x"
    "@hapi/cryptiles" "5.x.x"
    "@hapi/hoek" "9.x.x"
    "@hapi/iron" "6.x.x"
    "@hapi/validate" "1.x.x"

"@hapi/subtext@^7.0.3":
  version "7.0.3"
  resolved "https://registry.yarnpkg.com/@hapi/subtext/-/subtext-7.0.3.tgz#f7440fc7c966858e1f39681e99eb6171c71e7abd"
  integrity sha512-CekDizZkDGERJ01C0+TzHlKtqdXZxzSWTOaH6THBrbOHnsr3GY+yiMZC+AfNCypfE17RaIakGIAbpL2Tk1z2+A==
  dependencies:
    "@hapi/boom" "9.x.x"
    "@hapi/bourne" "2.x.x"
    "@hapi/content" "^5.0.2"
    "@hapi/file" "2.x.x"
    "@hapi/hoek" "9.x.x"
    "@hapi/pez" "^5.0.1"
    "@hapi/wreck" "17.x.x"

"@hapi/teamwork@5.x.x", "@hapi/teamwork@^5.1.0":
  version "5.1.0"
  resolved "https://registry.yarnpkg.com/@hapi/teamwork/-/teamwork-5.1.0.tgz#7801a61fc727f702fd2196ef7625eb4e389f4124"
  integrity sha512-llqoQTrAJDTXxG3c4Kz/uzhBS1TsmSBa/XG5SPcVXgmffHE1nFtyLIK0hNJHCB3EuBKT84adzd1hZNY9GJLWtg==

"@hapi/topo@^5.0.0":
  version "5.1.0"
  resolved "https://registry.yarnpkg.com/@hapi/topo/-/topo-5.1.0.tgz#dc448e332c6c6e37a4dc02fd84ba8d44b9afb012"
  integrity sha512-foQZKJig7Ob0BMAYBfcJk8d77QtOe7Wo4ox7ff1lQYoNNAb6jwcY1ncdoy2e9wQZzvNy7ODZCYJkK8kzmcAnAg==
  dependencies:
    "@hapi/hoek" "^9.0.0"

"@hapi/validate@1.x.x", "@hapi/validate@^1.1.1":
  version "1.1.3"
  resolved "https://registry.yarnpkg.com/@hapi/validate/-/validate-1.1.3.tgz#f750a07283929e09b51aa16be34affb44e1931ad"
  integrity sha512-/XMR0N0wjw0Twzq2pQOzPBZlDzkekGcoCtzO314BpIEsbXdYGthQUbxgkGDf4nhk1+IPDAsXqWjMohRQYO06UA==
  dependencies:
    "@hapi/hoek" "^9.0.0"
    "@hapi/topo" "^5.0.0"

"@hapi/vise@^4.0.0":
  version "4.0.0"
  resolved "https://registry.yarnpkg.com/@hapi/vise/-/vise-4.0.0.tgz#c6a94fe121b94a53bf99e7489f7fcc74c104db02"
  integrity sha512-eYyLkuUiFZTer59h+SGy7hUm+qE9p+UemePTHLlIWppEd+wExn3Df5jO04bFQTm7nleF5V8CtuYQYb+VFpZ6Sg==
  dependencies:
    "@hapi/hoek" "9.x.x"

"@hapi/wreck@17.x.x":
  version "17.1.0"
  resolved "https://registry.yarnpkg.com/@hapi/wreck/-/wreck-17.1.0.tgz#fbdc380c6f3fa1f8052dc612b2d3b6ce3e88dbec"
  integrity sha512-nx6sFyfqOpJ+EFrHX+XWwJAxs3ju4iHdbB/bwR8yTNZOiYmuhA8eCe7lYPtYmb4j7vyK/SlbaQsmTtUrMvPEBw==
  dependencies:
    "@hapi/boom" "9.x.x"
    "@hapi/bourne" "2.x.x"
    "@hapi/hoek" "9.x.x"

"@octokit/app@^12.0.4":
  version "12.0.4"
  resolved "https://registry.yarnpkg.com/@octokit/app/-/app-12.0.4.tgz#465dc53c59539541b8ec485da98dfa68a9fa494b"
  integrity sha512-ZBOIaKDvOA/DdaMDYqC4Pfv928fUlgy+qQ6R5HGSJITjRI+BS1BZo1VyWBqr+D7rCkox0vC4b/d8cvhyPdyJaQ==
  dependencies:
    "@octokit/auth-app" "^3.3.0"
    "@octokit/auth-unauthenticated" "^2.0.4"
    "@octokit/core" "^3.4.0"
    "@octokit/oauth-app" "^3.3.2"
    "@octokit/plugin-paginate-rest" "^2.13.3"
    "@octokit/types" "^6.13.0"
    "@octokit/webhooks" "^9.0.1"

"@octokit/auth-app@^3.3.0":
  version "3.6.0"
  resolved "https://registry.yarnpkg.com/@octokit/auth-app/-/auth-app-3.6.0.tgz#79fc6f652d2362ce0bd3122f6f764a87cc813dea"
  integrity sha512-A+tLuHEMXw+Xz9dmKO7Ho9i4EmMr4tThrwYTlmMNu8y93JxvvRjKFFElpCTS+Z0NlbfuyNdaTlJnAinFbVKm7g==
  dependencies:
    "@octokit/auth-oauth-app" "^4.3.0"
    "@octokit/auth-oauth-user" "^1.2.3"
    "@octokit/request" "^5.6.0"
    "@octokit/request-error" "^2.1.0"
    "@octokit/types" "^6.0.3"
    "@types/lru-cache" "^5.1.0"
    deprecation "^2.3.1"
    lru-cache "^6.0.0"
    universal-github-app-jwt "^1.0.1"
    universal-user-agent "^6.0.0"

"@octokit/auth-oauth-app@^4.0.0", "@octokit/auth-oauth-app@^4.3.0":
  version "4.3.0"
  resolved "https://registry.yarnpkg.com/@octokit/auth-oauth-app/-/auth-oauth-app-4.3.0.tgz#de02f184360ffd7cfccef861053784fc4410e7ea"
  integrity sha512-cETmhmOQRHCz6cLP7StThlJROff3A/ln67Q961GuIr9zvyFXZ4lIJy9RE6Uw5O7D8IXWPU3jhDnG47FTSGQr8Q==
  dependencies:
    "@octokit/auth-oauth-device" "^3.1.1"
    "@octokit/auth-oauth-user" "^1.2.1"
    "@octokit/request" "^5.3.0"
    "@octokit/types" "^6.0.3"
    "@types/btoa-lite" "^1.0.0"
    btoa-lite "^1.0.0"
    universal-user-agent "^6.0.0"

"@octokit/auth-oauth-device@^3.1.1":
  version "3.1.2"
  resolved "https://registry.yarnpkg.com/@octokit/auth-oauth-device/-/auth-oauth-device-3.1.2.tgz#d299f51f491669f37fe7af8738f5ac921e63973c"
  integrity sha512-w7Po4Ck6N2aAn2VQyKLuojruiyKROTBv4qs6IwE5rbwF7HhBXXp4A/NKmkpoFIZkiXQtM+N8QtkSck4ApYWdGg==
  dependencies:
    "@octokit/oauth-methods" "^1.1.0"
    "@octokit/request" "^5.4.14"
    "@octokit/types" "^6.10.0"
    universal-user-agent "^6.0.0"

"@octokit/auth-oauth-user@^1.2.1", "@octokit/auth-oauth-user@^1.2.3", "@octokit/auth-oauth-user@^1.3.0":
  version "1.3.0"
  resolved "https://registry.yarnpkg.com/@octokit/auth-oauth-user/-/auth-oauth-user-1.3.0.tgz#da4e4529145181a6aa717ae858afb76ebd6e3360"
  integrity sha512-3QC/TAdk7onnxfyZ24BnJRfZv8TRzQK7SEFUS9vLng4Vv6Hv6I64ujdk/CUkREec8lhrwU764SZ/d+yrjjqhaQ==
  dependencies:
    "@octokit/auth-oauth-device" "^3.1.1"
    "@octokit/oauth-methods" "^1.1.0"
    "@octokit/request" "^5.4.14"
    "@octokit/types" "^6.12.2"
    btoa-lite "^1.0.0"
    universal-user-agent "^6.0.0"

"@octokit/auth-token@^2.4.4":
  version "2.4.5"
  resolved "https://registry.yarnpkg.com/@octokit/auth-token/-/auth-token-2.4.5.tgz#568ccfb8cb46f36441fac094ce34f7a875b197f3"
  integrity sha512-BpGYsPgJt05M7/L/5FoE1PiAbdxXFZkX/3kDYcsvd1v6UhlnE5e96dTDr0ezX/EFwciQxf3cNV0loipsURU+WA==
  dependencies:
    "@octokit/types" "^6.0.3"

"@octokit/auth-unauthenticated@^2.0.0", "@octokit/auth-unauthenticated@^2.0.4":
  version "2.1.0"
  resolved "https://registry.yarnpkg.com/@octokit/auth-unauthenticated/-/auth-unauthenticated-2.1.0.tgz#ef97de366836e09f130de4e2205be955f9cf131c"
  integrity sha512-+baofLfSL0CAv3CfGQ9rxiZZQEX8VNJMGuuS4PgrMRBUL52Ho5+hQYb63UJQshw7EXYMPDZxbXznc0y33cbPqw==
  dependencies:
    "@octokit/request-error" "^2.1.0"
    "@octokit/types" "^6.0.3"

"@octokit/core@^3.3.2", "@octokit/core@^3.4.0", "@octokit/core@^3.5.1":
  version "3.5.1"
  resolved "https://registry.yarnpkg.com/@octokit/core/-/core-3.5.1.tgz#8601ceeb1ec0e1b1b8217b960a413ed8e947809b"
  integrity sha512-omncwpLVxMP+GLpLPgeGJBF6IWJFjXDS5flY5VbppePYX9XehevbDykRH9PdCdvqt9TS5AOTiDide7h0qrkHjw==
  dependencies:
    "@octokit/auth-token" "^2.4.4"
    "@octokit/graphql" "^4.5.8"
    "@octokit/request" "^5.6.0"
    "@octokit/request-error" "^2.0.5"
    "@octokit/types" "^6.0.3"
    before-after-hook "^2.2.0"
    universal-user-agent "^6.0.0"

"@octokit/endpoint@^6.0.1":
  version "6.0.12"
  resolved "https://registry.yarnpkg.com/@octokit/endpoint/-/endpoint-6.0.12.tgz#3b4d47a4b0e79b1027fb8d75d4221928b2d05658"
  integrity sha512-lF3puPwkQWGfkMClXb4k/eUT/nZKQfxinRWJrdZaJO85Dqwo/G0yOC434Jr2ojwafWJMYqFGFa5ms4jJUgujdA==
  dependencies:
    "@octokit/types" "^6.0.3"
    is-plain-object "^5.0.0"
    universal-user-agent "^6.0.0"

"@octokit/graphql@^4.5.8":
  version "4.8.0"
  resolved "https://registry.yarnpkg.com/@octokit/graphql/-/graphql-4.8.0.tgz#664d9b11c0e12112cbf78e10f49a05959aa22cc3"
  integrity sha512-0gv+qLSBLKF0z8TKaSKTsS39scVKF9dbMxJpj3U0vC7wjNWFuIpL/z76Qe2fiuCbDRcJSavkXsVtMS6/dtQQsg==
  dependencies:
    "@octokit/request" "^5.6.0"
    "@octokit/types" "^6.0.3"
    universal-user-agent "^6.0.0"

"@octokit/oauth-app@^3.3.2", "@octokit/oauth-app@^3.5.1":
  version "3.5.1"
  resolved "https://registry.yarnpkg.com/@octokit/oauth-app/-/oauth-app-3.5.1.tgz#b880d0a480a3d2043b6e71b1fb0360d90db2f0f0"
  integrity sha512-heRM/m5nZfN6b9lsNwfOQ+HnpqLu3ske1CBmKaQ8URuB3HEEkZjKJUaZmnXK2c2Q70sDtPSiiFEDuq4McP40mQ==
  dependencies:
    "@octokit/auth-oauth-app" "^4.0.0"
    "@octokit/auth-oauth-user" "^1.3.0"
    "@octokit/auth-unauthenticated" "^2.0.0"
    "@octokit/core" "^3.3.2"
    "@octokit/oauth-authorization-url" "^4.2.1"
    "@octokit/oauth-methods" "^1.2.2"
    fromentries "^1.3.1"
    universal-user-agent "^6.0.0"

"@octokit/oauth-authorization-url@^4.2.1", "@octokit/oauth-authorization-url@^4.3.1":
  version "4.3.3"
  resolved "https://registry.yarnpkg.com/@octokit/oauth-authorization-url/-/oauth-authorization-url-4.3.3.tgz#6a6ef38f243086fec882b62744f39b517528dfb9"
  integrity sha512-lhP/t0i8EwTmayHG4dqLXgU+uPVys4WD/qUNvC+HfB1S1dyqULm5Yx9uKc1x79aP66U1Cb4OZeW8QU/RA9A4XA==

"@octokit/oauth-methods@^1.1.0", "@octokit/oauth-methods@^1.2.2":
  version "1.2.4"
  resolved "https://registry.yarnpkg.com/@octokit/oauth-methods/-/oauth-methods-1.2.4.tgz#5f2706b29f09d309233aee61c99b66aedec0511a"
  integrity sha512-85hen2Dkpnmy2PGfVFe7Ke9rUo//nlqUcHE4GiQBHJ7D95rAm19GcRO49LlH6NOXOMdEFj7i/Ay5GVDRrAk38w==
  dependencies:
    "@octokit/oauth-authorization-url" "^4.3.1"
    "@octokit/request" "^5.4.14"
    "@octokit/request-error" "^2.0.5"
    "@octokit/types" "^6.12.2"
    btoa-lite "^1.0.0"

"@octokit/openapi-types@^10.1.0":
  version "10.1.0"
  resolved "https://registry.yarnpkg.com/@octokit/openapi-types/-/openapi-types-10.1.0.tgz#43c2ce1ad0ad711869f0a366dfa04d48e06f2fa2"
  integrity sha512-Nq5TMBwijRXco+Bm/Rq1n5maxxXsHLwd/Cm3lyNeOxbjyzAOSD0qmr4TwKCD4TN4rHZ7lq/tARuqSv/WJHF7IA==

"@octokit/plugin-paginate-rest@^2.13.3", "@octokit/plugin-paginate-rest@^2.16.0":
  version "2.16.0"
  resolved "https://registry.yarnpkg.com/@octokit/plugin-paginate-rest/-/plugin-paginate-rest-2.16.0.tgz#09dbda2e5fbca022e3cdf76b63618f7b357c9f0c"
  integrity sha512-8YYzALPMvEZ35kgy5pdYvQ22Roz+BIuEaedO575GwE2vb/ACDqQn0xQrTJR4tnZCJn7pi8+AWPVjrFDaERIyXQ==
  dependencies:
    "@octokit/types" "^6.26.0"

"@octokit/plugin-rest-endpoint-methods@^5.9.0":
  version "5.10.0"
  resolved "https://registry.yarnpkg.com/@octokit/plugin-rest-endpoint-methods/-/plugin-rest-endpoint-methods-5.10.0.tgz#8058acf408d518defa2dc59a46777adbcd7ee8e8"
  integrity sha512-HiUZliq5wNg15cevJlTo9zDnPXAD0BMRhLxbRNPnq9J3HELKesDTOiou56ax2jC/rECUkK/uJTugrizYKSo/jg==
  dependencies:
    "@octokit/types" "^6.27.0"
    deprecation "^2.3.1"

"@octokit/plugin-retry@^3.0.9":
  version "3.0.9"
  resolved "https://registry.yarnpkg.com/@octokit/plugin-retry/-/plugin-retry-3.0.9.tgz#ae625cca1e42b0253049102acd71c1d5134788fe"
  integrity sha512-r+fArdP5+TG6l1Rv/C9hVoty6tldw6cE2pRHNGmFPdyfrc696R6JjrQ3d7HdVqGwuzfyrcaLAKD7K8TX8aehUQ==
  dependencies:
    "@octokit/types" "^6.0.3"
    bottleneck "^2.15.3"

"@octokit/plugin-throttling@^3.5.1":
  version "3.5.1"
  resolved "https://registry.yarnpkg.com/@octokit/plugin-throttling/-/plugin-throttling-3.5.1.tgz#889e80e7f3464a18c768337369498d2d47c0b643"
  integrity sha512-d2jh3/RZo98DRw2J0jFxhKz7nrTGalGdkfRtxM+pI5k1wRb4BKBjiuE9cuZnhZyj+zLC1EcIptj7K+28LJZ3eA==
  dependencies:
    "@octokit/types" "^6.0.1"
    bottleneck "^2.15.3"

"@octokit/request-error@^2.0.2", "@octokit/request-error@^2.0.5", "@octokit/request-error@^2.1.0":
  version "2.1.0"
  resolved "https://registry.yarnpkg.com/@octokit/request-error/-/request-error-2.1.0.tgz#9e150357831bfc788d13a4fd4b1913d60c74d677"
  integrity sha512-1VIvgXxs9WHSjicsRwq8PlR2LR2x6DwsJAaFgzdi0JfJoGSO8mYI/cHJQ+9FbN21aa+DrgNLnwObmyeSC8Rmpg==
  dependencies:
    "@octokit/types" "^6.0.3"
    deprecation "^2.0.0"
    once "^1.4.0"

"@octokit/request@^5.3.0", "@octokit/request@^5.4.14", "@octokit/request@^5.6.0":
  version "5.6.1"
  resolved "https://registry.yarnpkg.com/@octokit/request/-/request-5.6.1.tgz#f97aff075c37ab1d427c49082fefeef0dba2d8ce"
  integrity sha512-Ls2cfs1OfXaOKzkcxnqw5MR6drMA/zWX/LIS/p8Yjdz7QKTPQLMsB3R+OvoxE6XnXeXEE2X7xe4G4l4X0gRiKQ==
  dependencies:
    "@octokit/endpoint" "^6.0.1"
    "@octokit/request-error" "^2.1.0"
    "@octokit/types" "^6.16.1"
    is-plain-object "^5.0.0"
    node-fetch "^2.6.1"
    universal-user-agent "^6.0.0"

"@octokit/types@^6.0.1", "@octokit/types@^6.0.3", "@octokit/types@^6.10.0", "@octokit/types@^6.12.2", "@octokit/types@^6.13.0", "@octokit/types@^6.16.1", "@octokit/types@^6.26.0", "@octokit/types@^6.27.0":
  version "6.27.0"
  resolved "https://registry.yarnpkg.com/@octokit/types/-/types-6.27.0.tgz#2ffcd4d1cf344285f4151978c6fd36a2edcdf922"
  integrity sha512-ha27f8DToxXBPEJdzHCCuqpw7AgKfjhWGdNf3yIlBAhAsaexBXTfWw36zNSsncALXGvJq4EjLy1p3Wz45Aqb4A==
  dependencies:
    "@octokit/openapi-types" "^10.1.0"

"@octokit/webhooks-methods@^2.0.0":
  version "2.0.0"
  resolved "https://registry.yarnpkg.com/@octokit/webhooks-methods/-/webhooks-methods-2.0.0.tgz#1108b9ea661ca6c81e4a8bfa63a09eb27d5bc2db"
  integrity sha512-35cfQ4YWlnZnmZKmIxlGPUPLtbkF8lr/A/1Sk1eC0ddLMwQN06dOuLc+dI3YLQS+T+MoNt3DIQ0NynwgKPilig==

"@octokit/webhooks-types@4.4.0":
  version "4.4.0"
  resolved "https://registry.yarnpkg.com/@octokit/webhooks-types/-/webhooks-types-4.4.0.tgz#0985964b72d577221574cca614770e0743fe0830"
  integrity sha512-gK9L2pWLZ1CWWlf9zwzFBQeA3dgyWdRe6gqAedR5T7adFZpoHg4De6GeXIFySV796ooQtKhW4eFfQLFQF5ydAA==

"@octokit/webhooks@^9.0.1":
  version "9.14.0"
  resolved "https://registry.yarnpkg.com/@octokit/webhooks/-/webhooks-9.14.0.tgz#035ca611288e0f6eff8368521a3c805ce0d98a69"
  integrity sha512-qltA8czUI3OU1nLtindqEq6LcavaUesUb+YT5Z0deEUxQFPlQOMbAbJnJ+BlmI7vxGDk+aC6/8be1OotnQiEGA==
  dependencies:
    "@octokit/request-error" "^2.0.2"
    "@octokit/webhooks-methods" "^2.0.0"
    "@octokit/webhooks-types" "4.4.0"
    aggregate-error "^3.1.0"

"@types/btoa-lite@^1.0.0":
  version "1.0.0"
  resolved "https://registry.yarnpkg.com/@types/btoa-lite/-/btoa-lite-1.0.0.tgz#e190a5a548e0b348adb0df9ac7fa5f1151c7cca4"
  integrity sha512-wJsiX1tosQ+J5+bY5LrSahHxr2wT+uME5UDwdN1kg4frt40euqA+wzECkmq4t5QbveHiJepfdThgQrPw6KiSlg==

"@types/jsonwebtoken@^8.3.3":
  version "8.5.5"
  resolved "https://registry.yarnpkg.com/@types/jsonwebtoken/-/jsonwebtoken-8.5.5.tgz#da5f2f4baee88f052ef3e4db4c1a0afb46cff22c"
  integrity sha512-OGqtHQ7N5/Ap/TUwO6IgHDuLiAoTmHhGpNvgkCm/F4N6pKzx/RBSfr2OXZSwC6vkfnsEdb6+7DNZVtiXiwdwFw==
  dependencies:
    "@types/node" "*"

"@types/lru-cache@^5.1.0":
  version "5.1.1"
  resolved "https://registry.yarnpkg.com/@types/lru-cache/-/lru-cache-5.1.1.tgz#c48c2e27b65d2a153b19bfc1a317e30872e01eef"
  integrity sha512-ssE3Vlrys7sdIzs5LOxCzTVMsU7i9oa/IaW92wF32JFb3CVczqOkru2xspuKczHEbG3nvmPY7IFqVmGGHdNbYw==

"@types/node@*":
  version "16.7.10"
  resolved "https://registry.yarnpkg.com/@types/node/-/node-16.7.10.tgz#7aa732cc47341c12a16b7d562f519c2383b6d4fc"
  integrity sha512-S63Dlv4zIPb8x6MMTgDq5WWRJQe56iBEY0O3SOFA9JrRienkOVDXSXBjjJw6HTNQYSE2JI6GMCR6LVbIMHJVvA==

aggregate-error@^3.1.0:
  version "3.1.0"
  resolved "https://registry.yarnpkg.com/aggregate-error/-/aggregate-error-3.1.0.tgz#92670ff50f5359bdb7a3e0d40d0ec30c5737687a"
  integrity sha512-4I7Td01quW/RpocfNayFdFVk1qSuoh0E7JrbRJ16nH01HhKFQ88INq9Sd+nd72zqRySlr9BmDA8xlEJ6vJMrYA==
  dependencies:
    clean-stack "^2.0.0"
    indent-string "^4.0.0"

axios@^0.21.3:
  version "0.21.3"
  resolved "https://registry.yarnpkg.com/axios/-/axios-0.21.3.tgz#f85d9b747f9b66d59ca463605cedf1844872b82e"
  integrity sha512-JtoZ3Ndke/+Iwt5n+BgSli/3idTvpt5OjKyoCmz4LX5+lPiY5l7C1colYezhlxThjNa/NhngCUWZSZFypIFuaA==
  dependencies:
    follow-redirects "^1.14.0"

before-after-hook@^2.2.0:
  version "2.2.2"
  resolved "https://registry.yarnpkg.com/before-after-hook/-/before-after-hook-2.2.2.tgz#a6e8ca41028d90ee2c24222f201c90956091613e"
  integrity sha512-3pZEU3NT5BFUo/AD5ERPWOgQOCZITni6iavr5AUw5AUwQjMlI0kzu5btnyD39AF0gUEsDPwJT+oY1ORBJijPjQ==

bottleneck@^2.15.3:
  version "2.19.5"
  resolved "https://registry.yarnpkg.com/bottleneck/-/bottleneck-2.19.5.tgz#5df0b90f59fd47656ebe63c78a98419205cadd91"
  integrity sha512-VHiNCbI1lKdl44tGrhNfU3lup0Tj/ZBMJB5/2ZbNXRCPuRCO7ed2mgcK4r17y+KB2EfuYuRaVlwNbAeaWGSpbw==

btoa-lite@^1.0.0:
  version "1.0.0"
  resolved "https://registry.yarnpkg.com/btoa-lite/-/btoa-lite-1.0.0.tgz#337766da15801210fdd956c22e9c6891ab9d0337"
  integrity sha1-M3dm2hWAEhD92VbCLpxokaudAzc=

buffer-equal-constant-time@1.0.1:
  version "1.0.1"
  resolved "https://registry.yarnpkg.com/buffer-equal-constant-time/-/buffer-equal-constant-time-1.0.1.tgz#f8e71132f7ffe6e01a5c9697a4c6f3e48d5cc819"
  integrity sha1-+OcRMvf/5uAaXJaXpMbz5I1cyBk=

clean-stack@^2.0.0:
  version "2.2.0"
  resolved "https://registry.yarnpkg.com/clean-stack/-/clean-stack-2.2.0.tgz#ee8472dbb129e727b31e8a10a427dee9dfe4008b"
  integrity sha512-4diC9HaTE+KRAMWhDhrGOECgWZxoevMc5TlkObMqNSsVU62PYzXZ/SMTjzyGAFF1YusgxGcSWTEXBhp0CPwQ1A==

denque@^1.5.0:
  version "1.5.1"
  resolved "https://registry.yarnpkg.com/denque/-/denque-1.5.1.tgz#07f670e29c9a78f8faecb2566a1e2c11929c5cbf"
  integrity sha512-XwE+iZ4D6ZUB7mfYRMb5wByE8L74HCn30FBN7sWnXksWc1LO1bPDl67pBR9o/kC4z/xSNAwkMYcGgqDV3BE3Hw==

deprecation@^2.0.0, deprecation@^2.3.1:
  version "2.3.1"
  resolved "https://registry.yarnpkg.com/deprecation/-/deprecation-2.3.1.tgz#6368cbdb40abf3373b525ac87e4a260c3a700919"
  integrity sha512-xmHIy4F3scKVwMsQ4WnVaS8bHOx0DmVwRywosKhaILI0ywMDWPtBSku2HNxRvF7jtwDRsoEwYQSfbxj8b7RlJQ==

dotenv@^10.0.0:
  version "10.0.0"
  resolved "https://registry.yarnpkg.com/dotenv/-/dotenv-10.0.0.tgz#3d4227b8fb95f81096cdd2b66653fb2c7085ba81"
  integrity sha512-rlBi9d8jpv9Sf1klPjNfFAuWDjKLwTIJJ/VxtoTwIR6hnZxcEOQCZg2oIL3MWBYw5GpUDKOEnND7LXTbIpQ03Q==

ecdsa-sig-formatter@1.0.11:
  version "1.0.11"
  resolved "https://registry.yarnpkg.com/ecdsa-sig-formatter/-/ecdsa-sig-formatter-1.0.11.tgz#ae0f0fa2d85045ef14a817daa3ce9acd0489e5bf"
  integrity sha512-nagl3RYrbNv6kQkeJIpt6NJZy8twLB/2vtz6yN9Z4vRKHN4/QZJIEbqohALSgwKdnksuY3k5Addp5lg8sVoVcQ==
  dependencies:
    safe-buffer "^5.0.1"

follow-redirects@^1.14.0:
  version "1.14.3"
  resolved "https://registry.yarnpkg.com/follow-redirects/-/follow-redirects-1.14.3.tgz#6ada78118d8d24caee595595accdc0ac6abd022e"
  integrity sha512-3MkHxknWMUtb23apkgz/83fDoe+y+qr0TdgacGIA7bew+QLBo3vdgEN2xEsuXNivpFy4CyDhBBZnNZOtalmenw==

fromentries@^1.3.1:
  version "1.3.2"
  resolved "https://registry.yarnpkg.com/fromentries/-/fromentries-1.3.2.tgz#e4bca6808816bf8f93b52750f1127f5a6fd86e3a"
  integrity sha512-cHEpEQHUg0f8XdtZCc2ZAhrHzKzT0MrFUTcvx+hfxYu7rGMDc5SKoXFh+n4YigxsHXRzc6OrCshdR1bWH6HHyg==

indent-string@^4.0.0:
  version "4.0.0"
  resolved "https://registry.yarnpkg.com/indent-string/-/indent-string-4.0.0.tgz#624f8f4497d619b2d9768531d58f4122854d7251"
  integrity sha512-EdDDZu4A2OyIK7Lr/2zG+w5jmbuk1DVBnEwREQvBzspBJkCEbRa8GxU1lghYcaGJCnRWibjDXlq779X1/y5xwg==

is-plain-object@^5.0.0:
  version "5.0.0"
  resolved "https://registry.yarnpkg.com/is-plain-object/-/is-plain-object-5.0.0.tgz#4427f50ab3429e9025ea7d52e9043a9ef4159344"
  integrity sha512-VRSzKkbMm5jMDoKLbltAkFQ5Qr7VDiTFGXxYFXXowVj387GeGNOCsOH6Msy00SGZ3Fp84b1Naa1psqgcCIEP5Q==

jsonwebtoken@^8.5.1:
  version "8.5.1"
  resolved "https://registry.yarnpkg.com/jsonwebtoken/-/jsonwebtoken-8.5.1.tgz#00e71e0b8df54c2121a1f26137df2280673bcc0d"
  integrity sha512-XjwVfRS6jTMsqYs0EsuJ4LGxXV14zQybNd4L2r0UvbVnSF9Af8x7p5MzbJ90Ioz/9TI41/hTCvznF/loiSzn8w==
  dependencies:
    jws "^3.2.2"
    lodash.includes "^4.3.0"
    lodash.isboolean "^3.0.3"
    lodash.isinteger "^4.0.4"
    lodash.isnumber "^3.0.3"
    lodash.isplainobject "^4.0.6"
    lodash.isstring "^4.0.1"
    lodash.once "^4.0.0"
    ms "^2.1.1"
    semver "^5.6.0"

jwa@^1.4.1:
  version "1.4.1"
  resolved "https://registry.yarnpkg.com/jwa/-/jwa-1.4.1.tgz#743c32985cb9e98655530d53641b66c8645b039a"
  integrity sha512-qiLX/xhEEFKUAJ6FiBMbes3w9ATzyk5W7Hvzpa/SLYdxNtng+gcurvrI7TbACjIXlsJyr05/S1oUhZrc63evQA==
  dependencies:
    buffer-equal-constant-time "1.0.1"
    ecdsa-sig-formatter "1.0.11"
    safe-buffer "^5.0.1"

jws@^3.2.2:
  version "3.2.2"
  resolved "https://registry.yarnpkg.com/jws/-/jws-3.2.2.tgz#001099f3639468c9414000e99995fa52fb478304"
  integrity sha512-YHlZCB6lMTllWDtSPHz/ZXTsi8S00usEV6v1tjq8tOUZzw7DpSDWVXjXDre6ed1w/pd495ODpHZYSdkRTsa0HA==
  dependencies:
    jwa "^1.4.1"
    safe-buffer "^5.0.1"

lodash.includes@^4.3.0:
  version "4.3.0"
  resolved "https://registry.yarnpkg.com/lodash.includes/-/lodash.includes-4.3.0.tgz#60bb98a87cb923c68ca1e51325483314849f553f"
  integrity sha1-YLuYqHy5I8aMoeUTJUgzFISfVT8=

lodash.isboolean@^3.0.3:
  version "3.0.3"
  resolved "https://registry.yarnpkg.com/lodash.isboolean/-/lodash.isboolean-3.0.3.tgz#6c2e171db2a257cd96802fd43b01b20d5f5870f6"
  integrity sha1-bC4XHbKiV82WgC/UOwGyDV9YcPY=

lodash.isinteger@^4.0.4:
  version "4.0.4"
  resolved "https://registry.yarnpkg.com/lodash.isinteger/-/lodash.isinteger-4.0.4.tgz#619c0af3d03f8b04c31f5882840b77b11cd68343"
  integrity sha1-YZwK89A/iwTDH1iChAt3sRzWg0M=

lodash.isnumber@^3.0.3:
  version "3.0.3"
  resolved "https://registry.yarnpkg.com/lodash.isnumber/-/lodash.isnumber-3.0.3.tgz#3ce76810c5928d03352301ac287317f11c0b1ffc"
  integrity sha1-POdoEMWSjQM1IwGsKHMX8RwLH/w=

lodash.isplainobject@^4.0.6:
  version "4.0.6"
  resolved "https://registry.yarnpkg.com/lodash.isplainobject/-/lodash.isplainobject-4.0.6.tgz#7c526a52d89b45c45cc690b88163be0497f550cb"
  integrity sha1-fFJqUtibRcRcxpC4gWO+BJf1UMs=

lodash.isstring@^4.0.1:
  version "4.0.1"
  resolved "https://registry.yarnpkg.com/lodash.isstring/-/lodash.isstring-4.0.1.tgz#d527dfb5456eca7cc9bb95d5daeaf88ba54a5451"
  integrity sha1-1SfftUVuynzJu5XV2ur4i6VKVFE=

lodash.once@^4.0.0:
  version "4.1.1"
  resolved "https://registry.yarnpkg.com/lodash.once/-/lodash.once-4.1.1.tgz#0dd3971213c7c56df880977d504c88fb471a97ac"
  integrity sha1-DdOXEhPHxW34gJd9UEyI+0cal6w=

lru-cache@^6.0.0:
  version "6.0.0"
  resolved "https://registry.yarnpkg.com/lru-cache/-/lru-cache-6.0.0.tgz#6d6fe6570ebd96aaf90fcad1dafa3b2566db3a94"
  integrity sha512-Jo6dJ04CmSjuznwJSS3pUeWmd/H0ffTlkXXgwZi+eq1UCmqQwCh+eLsYOYCwY991i2Fah4h1BEMCx4qThGbsiA==
  dependencies:
    yallist "^4.0.0"

mime-db@1.x.x:
  version "1.49.0"
  resolved "https://registry.yarnpkg.com/mime-db/-/mime-db-1.49.0.tgz#f3dfde60c99e9cf3bc9701d687778f537001cbed"
  integrity sha512-CIc8j9URtOVApSFCQIF+VBkX1RwXp/oMMOrqdyXSBXq5RWNEsRfyj1kiRnQgmNXmHxPoFIxOroKA3zcU9P+nAA==

ms@^2.1.1:
  version "2.1.3"
  resolved "https://registry.yarnpkg.com/ms/-/ms-2.1.3.tgz#574c8138ce1d2b5861f0b44579dbadd60c6615b2"
  integrity sha512-6FlzubTLZG3J2a/NVCAleEhjzq5oxgHyaCU9yYXvcLsvoVaHJq/s5xXI6/XXP6tz7R9xAOtHnSO/tXtF3WRTlA==

node-fetch@^2.6.1:
  version "2.6.1"
  resolved "https://registry.yarnpkg.com/node-fetch/-/node-fetch-2.6.1.tgz#045bd323631f76ed2e2b55573394416b639a0052"
  integrity sha512-V4aYg89jEoVRxRb2fJdAg8FHvI7cEyYdVAh94HH0UIK8oJxUfkjlDQN9RbMx+bEjP7+ggMiFRprSti032Oipxw==

octokit@^1.5.0:
  version "1.5.0"
  resolved "https://registry.yarnpkg.com/octokit/-/octokit-1.5.0.tgz#679aa2d7c0024d6b8155df16e2c7b4c3887f0d7f"
  integrity sha512-tKnxASKBGtdObRIURnIpUA3ZEeM8k+GjZ2/2KQ21R/P0GTJ+yWY1T2kXK0tlSbQ2mc9JtrwmogNkYTngo5xRyQ==
  dependencies:
    "@octokit/app" "^12.0.4"
    "@octokit/core" "^3.5.1"
    "@octokit/oauth-app" "^3.5.1"
    "@octokit/plugin-paginate-rest" "^2.16.0"
    "@octokit/plugin-rest-endpoint-methods" "^5.9.0"
    "@octokit/plugin-retry" "^3.0.9"
    "@octokit/plugin-throttling" "^3.5.1"
    "@octokit/types" "^6.26.0"

once@^1.4.0:
  version "1.4.0"
  resolved "https://registry.yarnpkg.com/once/-/once-1.4.0.tgz#583b1aa775961d4b113ac17d9c50baef9dd76bd1"
  integrity sha1-WDsap3WWHUsROsF9nFC6753Xa9E=
  dependencies:
    wrappy "1"

redis-commands@^1.7.0:
  version "1.7.0"
  resolved "https://registry.yarnpkg.com/redis-commands/-/redis-commands-1.7.0.tgz#15a6fea2d58281e27b1cd1acfb4b293e278c3a89"
  integrity sha512-nJWqw3bTFy21hX/CPKHth6sfhZbdiHP6bTawSgQBlKOVRG7EZkfHbbHwQJnrE4vsQf0CMNE+3gJ4Fmm16vdVlQ==

redis-errors@^1.0.0, redis-errors@^1.2.0:
  version "1.2.0"
  resolved "https://registry.yarnpkg.com/redis-errors/-/redis-errors-1.2.0.tgz#eb62d2adb15e4eaf4610c04afe1529384250abad"
  integrity sha1-62LSrbFeTq9GEMBK/hUpOEJQq60=

redis-parser@^3.0.0:
  version "3.0.0"
  resolved "https://registry.yarnpkg.com/redis-parser/-/redis-parser-3.0.0.tgz#b66d828cdcafe6b4b8a428a7def4c6bcac31c8b4"
  integrity sha1-tm2CjNyv5rS4pCin3vTGvKwxyLQ=
  dependencies:
    redis-errors "^1.0.0"

redis@^3.1.2:
  version "3.1.2"
  resolved "https://registry.yarnpkg.com/redis/-/redis-3.1.2.tgz#766851117e80653d23e0ed536254677ab647638c"
  integrity sha512-grn5KoZLr/qrRQVwoSkmzdbw6pwF+/rwODtrOr6vuBRiR/f3rjSTGupbF90Zpqm2oenix8Do6RV7pYEkGwlKkw==
  dependencies:
    denque "^1.5.0"
    redis-commands "^1.7.0"
    redis-errors "^1.2.0"
    redis-parser "^3.0.0"

safe-buffer@^5.0.1:
  version "5.2.1"
  resolved "https://registry.yarnpkg.com/safe-buffer/-/safe-buffer-5.2.1.tgz#1eaf9fa9bdb1fdd4ec75f58f9cdb4e6b7827eec6"
  integrity sha512-rp3So07KcdmmKbGvgaNxQSJr7bGVSVk5S9Eq1F+ppbRo70+YeaDxkw5Dd8NPN+GD6bjnYm2VuPuCXmpuYvmCXQ==

semver@^5.6.0:
  version "5.7.1"
  resolved "https://registry.yarnpkg.com/semver/-/semver-5.7.1.tgz#a954f931aeba508d307bbf069eff0c01c96116f7"
  integrity sha512-sauaDf/PZdVgrLTNYHRtpXa1iRiKcaebiKQ1BJdpQlWH2lCvexQdX55snPFyK7QzpudqbCI0qXFfOasHdyNDGQ==

universal-github-app-jwt@^1.0.1:
  version "1.1.0"
  resolved "https://registry.yarnpkg.com/universal-github-app-jwt/-/universal-github-app-jwt-1.1.0.tgz#0abaa876101cdf1d3e4c546be2768841c0c1b514"
  integrity sha512-3b+ocAjjz4JTyqaOT+NNBd5BtTuvJTxWElIoeHSVelUV9J3Jp7avmQTdLKCaoqi/5Ox2o/q+VK19TJ233rVXVQ==
  dependencies:
    "@types/jsonwebtoken" "^8.3.3"
    jsonwebtoken "^8.5.1"

universal-user-agent@^6.0.0:
  version "6.0.0"
  resolved "https://registry.yarnpkg.com/universal-user-agent/-/universal-user-agent-6.0.0.tgz#3381f8503b251c0d9cd21bc1de939ec9df5480ee"
  integrity sha512-isyNax3wXoKaulPDZWHQqbmIx1k2tb9fb3GGDBRxCscfYV2Ch7WxPArBsFEG8s/safwXTT7H4QGhaIkTp9447w==

wrappy@1:
  version "1.0.2"
  resolved "https://registry.yarnpkg.com/wrappy/-/wrappy-1.0.2.tgz#b5243d8f3ec1aa35f1364605bc0d1036e30ab69f"
  integrity sha1-tSQ9jz7BqjXxNkYFvA0QNuMKtp8=

yallist@^4.0.0:
  version "4.0.0"
  resolved "https://registry.yarnpkg.com/yallist/-/yallist-4.0.0.tgz#9bb92790d9c0effec63be73519e11a35019a3a72"
  integrity sha512-3wdGidZyq5PB084XLES5TpOSRA3wjXAlIWMhum2kRcv/41Sn2emQ0dycQW4uZXLejwKvg6EsvbdlVL+FYEct7A==
